PODS:
  - Firebase/Analytics (4.0.4):
    - Firebase/Core
  - Firebase/Core (4.0.4):
    - FirebaseAnalytics (= 4.0.2)
    - FirebaseCore (= 4.0.4)
  - Firebase/Crash (4.0.4):
    - Firebase/Core
    - FirebaseCrash (= 2.0.0)
  - FirebaseAnalytics (4.0.2):
    - FirebaseCore (~> 4.0)
    - FirebaseInstanceID (~> 2.0)
    - GoogleToolboxForMac/NSData+zlib (~> 2.1)
  - FirebaseCore (4.0.4):
    - GoogleToolboxForMac/NSData+zlib (~> 2.1)
    - nanopb (~> 0.3)
  - FirebaseCrash (2.0.0):
    - FirebaseAnalytics (~> 4.0)
    - FirebaseInstanceID (~> 2.0)
    - GoogleToolboxForMac/Logger (~> 2.1)
    - GoogleToolboxForMac/NSData+zlib (~> 2.1)
    - Protobuf (~> 3.1)
  - FirebaseInstanceID (2.0.0):
    - FirebaseCore (~> 4.0)
  - GoogleMaps (2.1.1):
    - GoogleMaps/Maps (= 2.1.1)
  - GoogleMaps/Base (2.1.1)
  - GoogleMaps/Maps (2.1.1):
    - GoogleMaps/Base
<<<<<<< HEAD
<<<<<<< HEAD
  - React (0.46.3):
    - React/Core (= 0.46.3)
  - React/Core (0.46.3):
    - Yoga (= 0.46.3.React)
  - React/DevSupport (0.46.3):
    - React/Core
    - React/RCTWebSocket
  - React/RCTNetwork (0.46.3):
=======
  - GoogleToolboxForMac/Defines (2.1.1)
  - GoogleToolboxForMac/Logger (2.1.1):
    - GoogleToolboxForMac/Defines (= 2.1.1)
  - GoogleToolboxForMac/NSData+zlib (2.1.1):
    - GoogleToolboxForMac/Defines (= 2.1.1)
  - nanopb (0.3.8):
    - nanopb/decode (= 0.3.8)
    - nanopb/encode (= 0.3.8)
  - nanopb/decode (0.3.8)
  - nanopb/encode (0.3.8)
  - Protobuf (3.3.0)
  - React (0.46.4):
    - React/Core (= 0.46.4)
  - React/BatchedBridge (0.46.4):
    - React/Core
    - React/cxxreact_legacy
  - React/Core (0.46.4):
    - Yoga (= 0.46.4.React)
  - React/cxxreact_legacy (0.46.4):
    - React/jschelpers_legacy
  - React/DevSupport (0.46.4):
    - React/Core
    - React/RCTWebSocket
  - React/jschelpers_legacy (0.46.4)
  - React/RCTNetwork (0.46.4):
>>>>>>> working firebase, must adjust to crash, logs and events
    - React/Core
  - React/RCTText (0.46.3):
    - React/Core
  - React/RCTWebSocket (0.46.3):
    - React/Core
  - RNFirebase (2.0.4):
    - React
  - RNVectorIcons (4.2.0):
    - React
  - Yoga (0.46.3.React)
=======
  - GoogleToolboxForMac/Defines (2.1.1)
  - GoogleToolboxForMac/NSData+zlib (2.1.1):
    - GoogleToolboxForMac/Defines (= 2.1.1)
>>>>>>> first initial setup for both ios and android

DEPENDENCIES:
  - Firebase/Analytics
  - Firebase/Core
  - Firebase/Crash
  - GoogleMaps (= 2.1.1)
  - React/BatchedBridge (from `../node_modules/react-native`)
  - React/Core (from `../node_modules/react-native`)
  - React/DevSupport (from `../node_modules/react-native`)
  - React/RCTNetwork (from `../node_modules/react-native`)
  - React/RCTText (from `../node_modules/react-native`)
  - React/RCTWebSocket (from `../node_modules/react-native`)
  - RNFirebase (from `../node_modules/react-native-firebase`)
  - RNVectorIcons (from `../node_modules/react-native-vector-icons`)
  - Yoga (from `../node_modules/react-native/ReactCommon/yoga`)

EXTERNAL SOURCES:
  React:
<<<<<<< HEAD
    :path: "../node_modules/react-native"
=======
    :path: ../node_modules/react-native
  RNFirebase:
    :path: ../node_modules/react-native-firebase
>>>>>>> working firebase, must adjust to crash, logs and events
  RNVectorIcons:
    :path: "../node_modules/react-native-vector-icons"
  Yoga:
    :path: "../node_modules/react-native/ReactCommon/yoga"

SPEC CHECKSUMS:
  Firebase: 1492bf04e1b73a7353b4fb2cf5a20bac9692f341
  FirebaseAnalytics: ad41720e3e67fc63fbe3d2948d3e26932a8de311
  FirebaseCore: cfc042628ef9f20debe09c0eb683135fcd404cb4
  FirebaseCrash: 600ec2cbd8e10c3064a42de2c6ee7687bd02a076
  FirebaseInstanceID: 9fbf536668f4d3f0880e7438456dabd1376e294b
  GoogleMaps: a5b5bbe47734e2443bde781a6aa64e69fdb6d785
<<<<<<< HEAD
  React: c6559d70350c38f4cde7f66e3f483d6cce815ae3
=======
  GoogleToolboxForMac: 8e329f1b599f2512c6b10676d45736bcc2cbbeb0
  nanopb: 5601e6bca2dbf1ed831b519092ec110f66982ca3
  Protobuf: d582fecf68201eac3d79ed61369ef45734394b9c
  React: 596d8774642d10fea20b1f24cc591fcf633f73ad
  RNFirebase: 3e5a3ff431c5c8a997152f5f19d354e1ca66f65d
>>>>>>> working firebase, must adjust to crash, logs and events
  RNVectorIcons: 6d98d83e944d15014d8071dd9819beb094c61133
  Yoga: 6f09f11a4ab92e5afb4869268167f8c01c6ae906

PODFILE CHECKSUM: 2399ce069af8de13075cb80a289fa3008437c853
  GoogleToolboxForMac: 8e329f1b599f2512c6b10676d45736bcc2cbbeb0

<<<<<<< HEAD
PODFILE CHECKSUM: b4993d0709e42ff566e6fa2bf69e06258d6fcf72
=======
PODFILE CHECKSUM: 3b0d4cedd77b2d73b7047eceeed3cdbe4d6ed82e
>>>>>>> working firebase, must adjust to crash, logs and events

COCOAPODS: 1.3.1
